
Microsoft Visual Studio Solution File, Format Version 12.00
# Visual Studio Version 17
VisualStudioVersion = 17.6.33723.286
MinimumVisualStudioVersion = 10.0.40219.1
Project("{FAE04EC0-301F-11D3-BF4B-00C04F79EFBC}") = "EasyLeetCode", "EasyLeetCode.csproj", "{1D4AF73E-A80C-4D07-B4A4-6ADA1D3FD331}"
EndProject
Global
	GlobalSection(SolutionConfigurationPlatforms) = preSolution
		Debug|Any CPU = Debug|Any CPU
		Release|Any CPU = Release|Any CPU
	EndGlobalSection
	GlobalSection(ProjectConfigurationPlatforms) = postSolution
		{1D4AF73E-A80C-4D07-B4A4-6ADA1D3FD331}.Debug|Any CPU.ActiveCfg = Debug|Any CPU
		{1D4AF73E-A80C-4D07-B4A4-6ADA1D3FD331}.Debug|Any CPU.Build.0 = Debug|Any CPU
		{1D4AF73E-A80C-4D07-B4A4-6ADA1D3FD331}.Release|Any CPU.ActiveCfg = Release|Any CPU
		{1D4AF73E-A80C-4D07-B4A4-6ADA1D3FD331}.Release|Any CPU.Build.0 = Release|Any CPU
	EndGlobalSection
	GlobalSection(SolutionProperties) = preSolution
		HideSolutionNode = FALSE
	EndGlobalSection
	GlobalSection(ExtensibilityGlobals) = postSolution
		SolutionGuid = {9358910E-C185-42AA-A0F3-F28528CF168E}
	EndGlobalSection
EndGlobal
